
Microsoft Visual Studio Solution File, Format Version 12.00
# Visual Studio Version 17
VisualStudioVersion = 17.4.33110.190
MinimumVisualStudioVersion = 10.0.40219.1
Project("{9A19103F-16F7-4668-BE54-9A1E7A4F7556}") = "gRoomServer", "gRoomServer.csproj", "{520E8AD5-6F2D-41F8-955E-E9431F22C468}"
EndProject
Global
	GlobalSection(SolutionConfigurationPlatforms) = preSolution
		Debug|Any CPU = Debug|Any CPU
		Release|Any CPU = Release|Any CPU
	EndGlobalSection
	GlobalSection(ProjectConfigurationPlatforms) = postSolution
		{520E8AD5-6F2D-41F8-955E-E9431F22C468}.Debug|Any CPU.ActiveCfg = Debug|Any CPU
		{520E8AD5-6F2D-41F8-955E-E9431F22C468}.Debug|Any CPU.Build.0 = Debug|Any CPU
		{520E8AD5-6F2D-41F8-955E-E9431F22C468}.Release|Any CPU.ActiveCfg = Release|Any CPU
		{520E8AD5-6F2D-41F8-955E-E9431F22C468}.Release|Any CPU.Build.0 = Release|Any CPU
	EndGlobalSection
	GlobalSection(SolutionProperties) = preSolution
		HideSolutionNode = FALSE
	EndGlobalSection
	GlobalSection(ExtensibilityGlobals) = postSolution
		SolutionGuid = {10A5F90C-38B8-497F-9997-2A38A155A48A}
	EndGlobalSection
EndGlobal
